// !$*UTF8*$!
{
	archiveVersion = 1;
	classes = {
	};
	objectVersion = 50;
	objects = {

/* Begin PBXBuildFile section */
		A7540162223B96BA00FAFAAD /* AppDelegate.swift in Sources */ = {isa = PBXBuildFile; fileRef = A7540161223B96BA00FAFAAD /* AppDelegate.swift */; };
		A7540167223B96BA00FAFAAD /* Main.storyboard in Resources */ = {isa = PBXBuildFile; fileRef = A7540165223B96BA00FAFAAD /* Main.storyboard */; };
		A754016A223B96BA00FAFAAD /* CoreDataExample.xcdatamodeld in Sources */ = {isa = PBXBuildFile; fileRef = A7540168223B96BA00FAFAAD /* CoreDataExample.xcdatamodeld */; };
		A754016C223B96BA00FAFAAD /* Assets.xcassets in Resources */ = {isa = PBXBuildFile; fileRef = A754016B223B96BA00FAFAAD /* Assets.xcassets */; };
		A754016F223B96BA00FAFAAD /* LaunchScreen.storyboard in Resources */ = {isa = PBXBuildFile; fileRef = A754016D223B96BA00FAFAAD /* LaunchScreen.storyboard */; };
		A7540177223B988400FAFAAD /* EntryViewController.swift in Sources */ = {isa = PBXBuildFile; fileRef = A7540176223B988400FAFAAD /* EntryViewController.swift */; };
		A7540179223B98A100FAFAAD /* NoteTableViewController.swift in Sources */ = {isa = PBXBuildFile; fileRef = A7540178223B98A100FAFAAD /* NoteTableViewController.swift */; };
		A754017B223B98BE00FAFAAD /* EntryTableViewCell.swift in Sources */ = {isa = PBXBuildFile; fileRef = A754017A223B98BE00FAFAAD /* EntryTableViewCell.swift */; };
/* End PBXBuildFile section */

/* Begin PBXFileReference section */
		A754015E223B96BA00FAFAAD /* CoreDataExample.app */ = {isa = PBXFileReference; explicitFileType = wrapper.application; includeInIndex = 0; path = CoreDataExample.app; sourceTree = BUILT_PRODUCTS_DIR; };
		A7540161223B96BA00FAFAAD /* AppDelegate.swift */ = {isa = PBXFileReference; lastKnownFileType = sourcecode.swift; path = AppDelegate.swift; sourceTree = "<group>"; };
		A7540166223B96BA00FAFAAD /* Base */ = {isa = PBXFileReference; lastKnownFileType = file.storyboard; name = Base; path = Base.lproj/Main.storyboard; sourceTree = "<group>"; };
		A7540169223B96BA00FAFAAD /* CoreDataExample.xcdatamodel */ = {isa = PBXFileReference; lastKnownFileType = wrapper.xcdatamodel; path = CoreDataExample.xcdatamodel; sourceTree = "<group>"; };
		A754016B223B96BA00FAFAAD /* Assets.xcassets */ = {isa = PBXFileReference; lastKnownFileType = folder.assetcatalog; path = Assets.xcassets; sourceTree = "<group>"; };
		A754016E223B96BA00FAFAAD /* Base */ = {isa = PBXFileReference; lastKnownFileType = file.storyboard; name = Base; path = Base.lproj/LaunchScreen.storyboard; sourceTree = "<group>"; };
		A7540170223B96BA00FAFAAD /* Info.plist */ = {isa = PBXFileReference; lastKnownFileType = text.plist.xml; path = Info.plist; sourceTree = "<group>"; };
		A7540176223B988400FAFAAD /* EntryViewController.swift */ = {isa = PBXFileReference; lastKnownFileType = sourcecode.swift; path = EntryViewController.swift; sourceTree = "<group>"; };
		A7540178223B98A100FAFAAD /* NoteTableViewController.swift */ = {isa = PBXFileReference; lastKnownFileType = sourcecode.swift; path = NoteTableViewController.swift; sourceTree = "<group>"; };
		A754017A223B98BE00FAFAAD /* EntryTableViewCell.swift */ = {isa = PBXFileReference; lastKnownFileType = sourcecode.swift; path = EntryTableViewCell.swift; sourceTree = "<group>"; };
/* End PBXFileReference section */

/* Begin PBXFrameworksBuildPhase section */
		A754015B223B96BA00FAFAAD /* Frameworks */ = {
			isa = PBXFrameworksBuildPhase;
			buildActionMask = 2147483647;
			files = (
			);
			runOnlyForDeploymentPostprocessing = 0;
		};
/* End PBXFrameworksBuildPhase section */

/* Begin PBXGroup section */
		A7540155223B96BA00FAFAAD = {
			isa = PBXGroup;
			children = (
				A7540160223B96BA00FAFAAD /* CoreDataExample */,
				A754015F223B96BA00FAFAAD /* Products */,
			);
			sourceTree = "<group>";
		};
		A754015F223B96BA00FAFAAD /* Products */ = {
			isa = PBXGroup;
			children = (
				A754015E223B96BA00FAFAAD /* CoreDataExample.app */,
			);
			name = Products;
			sourceTree = "<group>";
		};
		A7540160223B96BA00FAFAAD /* CoreDataExample */ = {
			isa = PBXGroup;
			children = (
				A7540161223B96BA00FAFAAD /* AppDelegate.swift */,
				A7540165223B96BA00FAFAAD /* Main.storyboard */,
				A754016B223B96BA00FAFAAD /* Assets.xcassets */,
				A754016D223B96BA00FAFAAD /* LaunchScreen.storyboard */,
				A7540170223B96BA00FAFAAD /* Info.plist */,
				A7540168223B96BA00FAFAAD /* CoreDataExample.xcdatamodeld */,
				A7540176223B988400FAFAAD /* EntryViewController.swift */,
				A7540178223B98A100FAFAAD /* NoteTableViewController.swift */,
				A754017A223B98BE00FAFAAD /* EntryTableViewCell.swift */,
			);
			path = CoreDataExample;
			sourceTree = "<group>";
		};
/* End PBXGroup section */

/* Begin PBXNativeTarget section */
		A754015D223B96BA00FAFAAD /* CoreDataExample */ = {
			isa = PBXNativeTarget;
			buildConfigurationList = A7540173223B96BA00FAFAAD /* Build configuration list for PBXNativeTarget "CoreDataExample" */;
			buildPhases = (
				A754015A223B96BA00FAFAAD /* Sources */,
				A754015B223B96BA00FAFAAD /* Frameworks */,
				A754015C223B96BA00FAFAAD /* Resources */,
			);
			buildRules = (
			);
			dependencies = (
			);
			name = CoreDataExample;
			productName = CoreDataExample;
			productReference = A754015E223B96BA00FAFAAD /* CoreDataExample.app */;
			productType = "com.apple.product-type.application";
		};
/* End PBXNativeTarget section */

/* Begin PBXProject section */
		A7540156223B96BA00FAFAAD /* Project object */ = {
			isa = PBXProject;
			attributes = {
				LastSwiftUpdateCheck = 1010;
				LastUpgradeCheck = 1010;
				ORGANIZATIONNAME = "Phan Dinh Van";
				TargetAttributes = {
					A754015D223B96BA00FAFAAD = {
						CreatedOnToolsVersion = 10.1;
					};
				};
			};
			buildConfigurationList = A7540159223B96BA00FAFAAD /* Build configuration list for PBXProject "CoreDataExample" */;
			compatibilityVersion = "Xcode 9.3";
			developmentRegion = en;
			hasScannedForEncodings = 0;
			knownRegions = (
				en,
				Base,
			);
			mainGroup = A7540155223B96BA00FAFAAD;
			productRefGroup = A754015F223B96BA00FAFAAD /* Products */;
			projectDirPath = "";
			projectRoot = "";
			targets = (
				A754015D223B96BA00FAFAAD /* CoreDataExample */,
			);
		};
/* End PBXProject section */

/* Begin PBXResourcesBuildPhase section */
		A754015C223B96BA00FAFAAD /* Resources */ = {
			isa = PBXResourcesBuildPhase;
			buildActionMask = 2147483647;
			files = (
				A754016F223B96BA00FAFAAD /* LaunchScreen.storyboard in Resources */,
				A754016C223B96BA00FAFAAD /* Assets.xcassets in Resources */,
				A7540167223B96BA00FAFAAD /* Main.storyboard in Resources */,
			);
			runOnlyForDeploymentPostprocessing = 0;
		};
/* End PBXResourcesBuildPhase section */

/* Begin PBXSourcesBuildPhase section */
		A754015A223B96BA00FAFAAD /* Sources */ = {
			isa = PBXSourcesBuildPhase;
			buildActionMask = 2147483647;
			files = (
				A7540162223B96BA00FAFAAD /* AppDelegate.swift in Sources */,
				A754017B223B98BE00FAFAAD /* EntryTableViewCell.swift in Sources */,
				A7540179223B98A100FAFAAD /* NoteTableViewController.swift in Sources */,
				A754016A223B96BA00FAFAAD /* CoreDataExample.xcdatamodeld in Sources */,
				A7540177223B988400FAFAAD /* EntryViewController.swift in Sources */,
			);
			runOnlyForDeploymentPostprocessing = 0;
		};
/* End PBXSourcesBuildPhase section */

/* Begin PBXVariantGroup section */
		A7540165223B96BA00FAFAAD /* Main.storyboard */ = {
			isa = PBXVariantGroup;
			children = (
				A7540166223B96BA00FAFAAD /* Base */,
			);
			name = Main.storyboard;
			sourceTree = "<group>";
		};
		A754016D223B96BA00FAFAAD /* LaunchScreen.storyboard */ = {
			isa = PBXVariantGroup;
			children = (
				A754016E223B96BA00FAFAAD /* Base */,
			);
			name = LaunchScreen.storyboard;
			sourceTree = "<group>";
		};
/* End PBXVariantGroup section */

/* Begin XCBuildConfiguration section */
		A7540171223B96BA00FAFAAD /* Debug */ = {
			isa = XCBuildConfiguration;
			buildSettings = {
				ALWAYS_SEARCH_USER_PATHS = NO;
				CLANG_ANALYZER_NONNULL = YES;
				CLANG_ANALYZER_NUMBER_OBJECT_CONVERSION = YES_AGGRESSIVE;
				CLANG_CXX_LANGUAGE_STANDARD = "gnu++14";
				CLANG_CXX_LIBRARY = "libc++";
				CLANG_ENABLE_MODULES = YES;
				CLANG_ENABLE_OBJC_ARC = YES;
				CLANG_ENABLE_OBJC_WEAK = YES;
				CLANG_WARN_BLOCK_CAPTURE_AUTORELEASING = YES;
				CLANG_WARN_BOOL_CONVERSION = YES;
				CLANG_WARN_COMMA = YES;
				CLANG_WARN_CONSTANT_CONVERSION = YES;
				CLANG_WARN_DEPRECATED_OBJC_IMPLEMENTATIONS = YES;
				CLANG_WARN_DIRECT_OBJC_ISA_USAGE = YES_ERROR;
				CLANG_WARN_DOCUMENTATION_COMMENTS = YES;
				CLANG_WARN_EMPTY_BODY = YES;
				CLANG_WARN_ENUM_CONVERSION = YES;
				CLANG_WARN_INFINITE_RECURSION = YES;
				CLANG_WARN_INT_CONVERSION = YES;
				CLANG_WARN_NON_LITERAL_NULL_CONVERSION = YES;
				CLANG_WARN_OBJC_IMPLICIT_RETAIN_SELF = YES;
				CLANG_WARN_OBJC_LITERAL_CONVERSION = YES;
				CLANG_WARN_OBJC_ROOT_CLASS = YES_ERROR;
				CLANG_WARN_RANGE_LOOP_ANALYSIS = YES;
				CLANG_WARN_STRICT_PROTOTYPES = YES;
				CLANG_WARN_SUSPICIOUS_MOVE = YES;
				CLANG_WARN_UNGUARDED_AVAILABILITY = YES_AGGRESSIVE;
				CLANG_WARN_UNREACHABLE_CODE = YES;
				CLANG_WARN__DUPLICATE_METHOD_MATCH = YES;
				CODE_SIGN_IDENTITY = "iPhone Developer";
				COPY_PHASE_STRIP = NO;
				DEBUG_INFORMATION_FORMAT = dwarf;
				ENABLE_STRICT_OBJC_MSGSEND = YES;
				ENABLE_TESTABILITY = YES;
				GCC_C_LANGUAGE_STANDARD = gnu11;
				GCC_DYNAMIC_NO_PIC = NO;
				GCC_NO_COMMON_BLOCKS = YES;
				GCC_OPTIMIZATION_LEVEL = 0;
				GCC_PREPROCESSOR_DEFINITIONS = (
					"DEBUG=1",
					"$(inherited)",
				);
				GCC_WARN_64_TO_32_BIT_CONVERSION = YES;
				GCC_WARN_ABOUT_RETURN_TYPE = YES_ERROR;
				GCC_WARN_UNDECLARED_SELECTOR = YES;
				GCC_WARN_UNINITIALIZED_AUTOS = YES_AGGRESSIVE;
				GCC_WARN_UNUSED_FUNCTION = YES;
				GCC_WARN_UNUSED_VARIABLE = YES;
				IPHONEOS_DEPLOYMENT_TARGET = 12.1;
				MTL_ENABLE_DEBUG_INFO = INCLUDE_SOURCE;
				MTL_FAST_MATH = YES;
				ONLY_ACTIVE_ARCH = YES;
				SDKROOT = iphoneos;
				SWIFT_ACTIVE_COMPILATION_CONDITIONS = DEBUG;
				SWIFT_OPTIMIZATION_LEVEL = "-Onone";
			};
			name = Debug;
		};
		A7540172223B96BA00FAFAAD /* Release */ = {
			isa = XCBuildConfiguration;
			buildSettings = {
				ALWAYS_SEARCH_USER_PATHS = NO;
				CLANG_ANALYZER_NONNULL = YES;
				CLANG_ANALYZER_NUMBER_OBJECT_CONVERSION = YES_AGGRESSIVE;
				CLANG_CXX_LANGUAGE_STANDARD = "gnu++14";
				CLANG_CXX_LIBRARY = "libc++";
				CLANG_ENABLE_MODULES = YES;
				CLANG_ENABLE_OBJC_ARC = YES;
				CLANG_ENABLE_OBJC_WEAK = YES;
				CLANG_WARN_BLOCK_CAPTURE_AUTORELEASING = YES;
				CLANG_WARN_BOOL_CONVERSION = YES;
				CLANG_WARN_COMMA = YES;
				CLANG_WARN_CONSTANT_CONVERSION = YES;
				CLANG_WARN_DEPRECATED_OBJC_IMPLEMENTATIONS = YES;
				CLANG_WARN_DIRECT_OBJC_ISA_USAGE = YES_ERROR;
				CLANG_WARN_DOCUMENTATION_COMMENTS = YES;
				CLANG_WARN_EMPTY_BODY = YES;
				CLANG_WARN_ENUM_CONVERSION = YES;
				CLANG_WARN_INFINITE_RECURSION = YES;
				CLANG_WARN_INT_CONVERSION = YES;
				CLANG_WARN_NON_LITERAL_NULL_CONVERSION = YES;
				CLANG_WARN_OBJC_IMPLICIT_RETAIN_SELF = YES;
				CLANG_WARN_OBJC_LITERAL_CONVERSION = YES;
				CLANG_WARN_OBJC_ROOT_CLASS = YES_ERROR;
				CLANG_WARN_RANGE_LOOP_ANALYSIS = YES;
				CLANG_WARN_STRICT_PROTOTYPES = YES;
				CLANG_WARN_SUSPICIOUS_MOVE = YES;
				CLANG_WARN_UNGUARDED_AVAILABILITY = YES_AGGRESSIVE;
				CLANG_WARN_UNREACHABLE_CODE = YES;
				CLANG_WARN__DUPLICATE_METHOD_MATCH = YES;
				CODE_SIGN_IDENTITY = "iPhone Developer";
				COPY_PHASE_STRIP = NO;
				DEBUG_INFORMATION_FORMAT = "dwarf-with-dsym";
				ENABLE_NS_ASSERTIONS = NO;
				ENABLE_STRICT_OBJC_MSGSEND = YES;
				GCC_C_LANGUAGE_STANDARD = gnu11;
				GCC_NO_COMMON_BLOCKS = YES;
				GCC_WARN_64_TO_32_BIT_CONVERSION = YES;
				GCC_WARN_ABOUT_RETURN_TYPE = YES_ERROR;
				GCC_WARN_UNDECLARED_SELECTOR = YES;
				GCC_WARN_UNINITIALIZED_AUTOS = YES_AGGRESSIVE;
				GCC_WARN_UNUSED_FUNCTION = YES;
				GCC_WARN_UNUSED_VARIABLE = YES;
				IPHONEOS_DEPLOYMENT_TARGET = 12.1;
				MTL_ENABLE_DEBUG_INFO = NO;
				MTL_FAST_MATH = YES;
				SDKROOT = iphoneos;
				SWIFT_COMPILATION_MODE = wholemodule;
				SWIFT_OPTIMIZATION_LEVEL = "-O";
				VALIDATE_PRODUCT = YES;
			};
			name = Release;
		};
		A7540174223B96BA00FAFAAD /* Debug */ = {
			isa = XCBuildConfiguration;
			buildSettings = {
				ASSETCATALOG_COMPILER_APPICON_NAME = AppIcon;
				CODE_SIGN_STYLE = Automatic;
				INFOPLIST_FILE = CoreDataExample/Info.plist;
				LD_RUNPATH_SEARCH_PATHS = (
					"$(inherited)",
					"@executable_path/Frameworks",
				);
				PRODUCT_BUNDLE_IDENTIFIER = "Phan-Dinh-Van.CoreDataExample";
				PRODUCT_NAME = "$(TARGET_NAME)";
				SWIFT_VERSION = 4.2;
				TARGETED_DEVICE_FAMILY = "1,2";
			};
			name = Debug;
		};
		A7540175223B96BA00FAFAAD /* Release */ = {
			isa = XCBuildConfiguration;
			buildSettings = {
				ASSETCATALOG_COMPILER_APPICON_NAME = AppIcon;
				CODE_SIGN_STYLE = Automatic;
				INFOPLIST_FILE = CoreDataExample/Info.plist;
				LD_RUNPATH_SEARCH_PATHS = (
					"$(inherited)",
					"@executable_path/Frameworks",
				);
				PRODUCT_BUNDLE_IDENTIFIER = "Phan-Dinh-Van.CoreDataExample";
				PRODUCT_NAME = "$(TARGET_NAME)";
				SWIFT_VERSION = 4.2;
				TARGETED_DEVICE_FAMILY = "1,2";
			};
			name = Release;
		};
/* End XCBuildConfiguration section */

/* Begin XCConfigurationList section */
		A7540159223B96BA00FAFAAD /* Build configuration list for PBXProject "CoreDataExample" */ = {
			isa = XCConfigurationList;
			buildConfigurations = (
				A7540171223B96BA00FAFAAD /* Debug */,
				A7540172223B96BA00FAFAAD /* Release */,
			);
			defaultConfigurationIsVisible = 0;
			defaultConfigurationName = Release;
		};
		A7540173223B96BA00FAFAAD /* Build configuration list for PBXNativeTarget "CoreDataExample" */ = {
			isa = XCConfigurationList;
			buildConfigurations = (
				A7540174223B96BA00FAFAAD /* Debug */,
				A7540175223B96BA00FAFAAD /* Release */,
			);
			defaultConfigurationIsVisible = 0;
			defaultConfigurationName = Release;
		};
/* End XCConfigurationList section */

/* Begin XCVersionGroup section */
		A7540168223B96BA00FAFAAD /* CoreDataExample.xcdatamodeld */ = {
			isa = XCVersionGroup;
			children = (
				A7540169223B96BA00FAFAAD /* CoreDataExample.xcdatamodel */,
			);
			currentVersion = A7540169223B96BA00FAFAAD /* CoreDataExample.xcdatamodel */;
			path = CoreDataExample.xcdatamodeld;
			sourceTree = "<group>";
			versionGroupType = wrapper.xcdatamodel;
		};
/* End XCVersionGroup section */
	};
	rootObject = A7540156223B96BA00FAFAAD /* Project object */;
}
